
Microsoft Visual Studio Solution File, Format Version 12.00
# Visual Studio 15
VisualStudioVersion = 15.0.27004.2005
MinimumVisualStudioVersion = 10.0.40219.1
Project("{FAE04EC0-301F-11D3-BF4B-00C04F79EFBC}") = "TestFramework", "TestFramework\TestFramework.csproj", "{E50662F3-C278-446E-B689-942D8A69B004}"
EndProject
Project("{FAE04EC0-301F-11D3-BF4B-00C04F79EFBC}") = "DelivermoreUITestsRefactor", "DelivermoreUITestsRefactor\DelivermoreUITestsRefactor.csproj", "{019B611E-88EF-447E-BADC-719B4340A07E}"
EndProject
Project("{FAE04EC0-301F-11D3-BF4B-00C04F79EFBC}") = "DelivermoreUITests", "DelivermoreUITests\DelivermoreUITests.csproj", "{3DFC64D3-4C3D-4BF7-A976-03852EE33267}"
EndProject
Global
	GlobalSection(SolutionConfigurationPlatforms) = preSolution
		Debug|Any CPU = Debug|Any CPU
		Release|Any CPU = Release|Any CPU
	EndGlobalSection
	GlobalSection(ProjectConfigurationPlatforms) = postSolution
		{E50662F3-C278-446E-B689-942D8A69B004}.Debug|Any CPU.ActiveCfg = Debug|Any CPU
		{E50662F3-C278-446E-B689-942D8A69B004}.Debug|Any CPU.Build.0 = Debug|Any CPU
		{E50662F3-C278-446E-B689-942D8A69B004}.Release|Any CPU.ActiveCfg = Release|Any CPU
		{E50662F3-C278-446E-B689-942D8A69B004}.Release|Any CPU.Build.0 = Release|Any CPU
		{019B611E-88EF-447E-BADC-719B4340A07E}.Debug|Any CPU.ActiveCfg = Debug|Any CPU
		{019B611E-88EF-447E-BADC-719B4340A07E}.Debug|Any CPU.Build.0 = Debug|Any CPU
		{019B611E-88EF-447E-BADC-719B4340A07E}.Release|Any CPU.ActiveCfg = Release|Any CPU
		{019B611E-88EF-447E-BADC-719B4340A07E}.Release|Any CPU.Build.0 = Release|Any CPU
		{3DFC64D3-4C3D-4BF7-A976-03852EE33267}.Debug|Any CPU.ActiveCfg = Debug|Any CPU
		{3DFC64D3-4C3D-4BF7-A976-03852EE33267}.Debug|Any CPU.Build.0 = Debug|Any CPU
		{3DFC64D3-4C3D-4BF7-A976-03852EE33267}.Release|Any CPU.ActiveCfg = Release|Any CPU
		{3DFC64D3-4C3D-4BF7-A976-03852EE33267}.Release|Any CPU.Build.0 = Release|Any CPU
	EndGlobalSection
	GlobalSection(SolutionProperties) = preSolution
		HideSolutionNode = FALSE
	EndGlobalSection
	GlobalSection(ExtensibilityGlobals) = postSolution
		SolutionGuid = {4C4957DA-A7F3-4F0B-B222-E35486A3E8FC}
	EndGlobalSection
EndGlobal
